// !$*UTF8*$!
{
	archiveVersion = 1;
	classes = {
	};
	objectVersion = 56;
	objects = {

/* Begin PBXBuildFile section */
		4978AF102B07FB61005F247E /* AppDelegate.swift in Sources */ = {isa = PBXBuildFile; fileRef = 4978AF0F2B07FB61005F247E /* AppDelegate.swift */; };
		4978AF122B07FB61005F247E /* SceneDelegate.swift in Sources */ = {isa = PBXBuildFile; fileRef = 4978AF112B07FB61005F247E /* SceneDelegate.swift */; };
		4978AF142B07FB61005F247E /* ViewController.swift in Sources */ = {isa = PBXBuildFile; fileRef = 4978AF132B07FB61005F247E /* ViewController.swift */; };
		4978AF172B07FB61005F247E /* Main.storyboard in Resources */ = {isa = PBXBuildFile; fileRef = 4978AF152B07FB61005F247E /* Main.storyboard */; };
		4978AF192B07FB63005F247E /* Assets.xcassets in Resources */ = {isa = PBXBuildFile; fileRef = 4978AF182B07FB63005F247E /* Assets.xcassets */; };
		4978AF1C2B07FB63005F247E /* LaunchScreen.storyboard in Resources */ = {isa = PBXBuildFile; fileRef = 4978AF1A2B07FB63005F247E /* LaunchScreen.storyboard */; };
		4978AF252B07FC05005F247E /* APIClientError.swift in Sources */ = {isa = PBXBuildFile; fileRef = 4978AF242B07FC05005F247E /* APIClientError.swift */; };
		4978AF272B07FC15005F247E /* StoreListResponse.swift in Sources */ = {isa = PBXBuildFile; fileRef = 4978AF262B07FC14005F247E /* StoreListResponse.swift */; };
		4978AF292B07FC24005F247E /* GetStoreList.swift in Sources */ = {isa = PBXBuildFile; fileRef = 4978AF282B07FC24005F247E /* GetStoreList.swift */; };
/* End PBXBuildFile section */

/* Begin PBXFileReference section */
		4978AF0C2B07FB61005F247E /* Gourmet_Search_App.app */ = {isa = PBXFileReference; explicitFileType = wrapper.application; includeInIndex = 0; path = Gourmet_Search_App.app; sourceTree = BUILT_PRODUCTS_DIR; };
		4978AF0F2B07FB61005F247E /* AppDelegate.swift */ = {isa = PBXFileReference; lastKnownFileType = sourcecode.swift; path = AppDelegate.swift; sourceTree = "<group>"; };
		4978AF112B07FB61005F247E /* SceneDelegate.swift */ = {isa = PBXFileReference; lastKnownFileType = sourcecode.swift; path = SceneDelegate.swift; sourceTree = "<group>"; };
		4978AF132B07FB61005F247E /* ViewController.swift */ = {isa = PBXFileReference; lastKnownFileType = sourcecode.swift; path = ViewController.swift; sourceTree = "<group>"; };
		4978AF162B07FB61005F247E /* Base */ = {isa = PBXFileReference; lastKnownFileType = file.storyboard; name = Base; path = Base.lproj/Main.storyboard; sourceTree = "<group>"; };
		4978AF182B07FB63005F247E /* Assets.xcassets */ = {isa = PBXFileReference; lastKnownFileType = folder.assetcatalog; path = Assets.xcassets; sourceTree = "<group>"; };
		4978AF1B2B07FB63005F247E /* Base */ = {isa = PBXFileReference; lastKnownFileType = file.storyboard; name = Base; path = Base.lproj/LaunchScreen.storyboard; sourceTree = "<group>"; };
		4978AF1D2B07FB63005F247E /* Info.plist */ = {isa = PBXFileReference; lastKnownFileType = text.plist.xml; path = Info.plist; sourceTree = "<group>"; };
		4978AF242B07FC05005F247E /* APIClientError.swift */ = {isa = PBXFileReference; lastKnownFileType = sourcecode.swift; path = APIClientError.swift; sourceTree = "<group>"; };
		4978AF262B07FC14005F247E /* StoreListResponse.swift */ = {isa = PBXFileReference; lastKnownFileType = sourcecode.swift; path = StoreListResponse.swift; sourceTree = "<group>"; };
		4978AF282B07FC24005F247E /* GetStoreList.swift */ = {isa = PBXFileReference; lastKnownFileType = sourcecode.swift; path = GetStoreList.swift; sourceTree = "<group>"; };
/* End PBXFileReference section */

/* Begin PBXFrameworksBuildPhase section */
		4978AF092B07FB61005F247E /* Frameworks */ = {
			isa = PBXFrameworksBuildPhase;
			buildActionMask = 2147483647;
			files = (
			);
			runOnlyForDeploymentPostprocessing = 0;
		};
/* End PBXFrameworksBuildPhase section */

/* Begin PBXGroup section */
		4978AF032B07FB61005F247E = {
			isa = PBXGroup;
			children = (
				4978AF0E2B07FB61005F247E /* Gourmet_Search_App */,
				4978AF0D2B07FB61005F247E /* Products */,
			);
			sourceTree = "<group>";
		};
		4978AF0D2B07FB61005F247E /* Products */ = {
			isa = PBXGroup;
			children = (
				4978AF0C2B07FB61005F247E /* Gourmet_Search_App.app */,
			);
			name = Products;
			sourceTree = "<group>";
		};
		4978AF0E2B07FB61005F247E /* Gourmet_Search_App */ = {
			isa = PBXGroup;
			children = (
				4978AF232B07FBE3005F247E /* Model */,
				4978AF0F2B07FB61005F247E /* AppDelegate.swift */,
				4978AF112B07FB61005F247E /* SceneDelegate.swift */,
				4978AF132B07FB61005F247E /* ViewController.swift */,
				4978AF152B07FB61005F247E /* Main.storyboard */,
				4978AF182B07FB63005F247E /* Assets.xcassets */,
				4978AF1A2B07FB63005F247E /* LaunchScreen.storyboard */,
				4978AF1D2B07FB63005F247E /* Info.plist */,
			);
			path = Gourmet_Search_App;
			sourceTree = "<group>";
		};
		4978AF232B07FBE3005F247E /* Model */ = {
			isa = PBXGroup;
			children = (
				4978AF242B07FC05005F247E /* APIClientError.swift */,
				4978AF262B07FC14005F247E /* StoreListResponse.swift */,
				4978AF282B07FC24005F247E /* GetStoreList.swift */,
			);
			path = Model;
			sourceTree = "<group>";
		};
/* End PBXGroup section */

/* Begin PBXNativeTarget section */
		4978AF0B2B07FB61005F247E /* Gourmet_Search_App */ = {
			isa = PBXNativeTarget;
			buildConfigurationList = 4978AF202B07FB63005F247E /* Build configuration list for PBXNativeTarget "Gourmet_Search_App" */;
			buildPhases = (
				4978AF082B07FB61005F247E /* Sources */,
				4978AF092B07FB61005F247E /* Frameworks */,
				4978AF0A2B07FB61005F247E /* Resources */,
			);
			buildRules = (
			);
			dependencies = (
			);
			name = Gourmet_Search_App;
			productName = Gourmet_Search_App;
			productReference = 4978AF0C2B07FB61005F247E /* Gourmet_Search_App.app */;
			productType = "com.apple.product-type.application";
		};
/* End PBXNativeTarget section */

/* Begin PBXProject section */
		4978AF042B07FB61005F247E /* Project object */ = {
			isa = PBXProject;
			attributes = {
				BuildIndependentTargetsInParallel = 1;
				LastSwiftUpdateCheck = 1430;
				LastUpgradeCheck = 1430;
				TargetAttributes = {
					4978AF0B2B07FB61005F247E = {
						CreatedOnToolsVersion = 14.3.1;
					};
				};
			};
			buildConfigurationList = 4978AF072B07FB61005F247E /* Build configuration list for PBXProject "Gourmet_Search_App" */;
			compatibilityVersion = "Xcode 14.0";
			developmentRegion = en;
			hasScannedForEncodings = 0;
			knownRegions = (
				en,
				Base,
			);
			mainGroup = 4978AF032B07FB61005F247E;
			productRefGroup = 4978AF0D2B07FB61005F247E /* Products */;
			projectDirPath = "";
			projectRoot = "";
			targets = (
				4978AF0B2B07FB61005F247E /* Gourmet_Search_App */,
			);
		};
/* End PBXProject section */

/* Begin PBXResourcesBuildPhase section */
		4978AF0A2B07FB61005F247E /* Resources */ = {
			isa = PBXResourcesBuildPhase;
			buildActionMask = 2147483647;
			files = (
				4978AF1C2B07FB63005F247E /* LaunchScreen.storyboard in Resources */,
				4978AF192B07FB63005F247E /* Assets.xcassets in Resources */,
				4978AF172B07FB61005F247E /* Main.storyboard in Resources */,
			);
			runOnlyForDeploymentPostprocessing = 0;
		};
/* End PBXResourcesBuildPhase section */

/* Begin PBXSourcesBuildPhase section */
		4978AF082B07FB61005F247E /* Sources */ = {
			isa = PBXSourcesBuildPhase;
			buildActionMask = 2147483647;
			files = (
				4978AF142B07FB61005F247E /* ViewController.swift in Sources */,
				4978AF102B07FB61005F247E /* AppDelegate.swift in Sources */,
				4978AF272B07FC15005F247E /* StoreListResponse.swift in Sources */,
				4978AF252B07FC05005F247E /* APIClientError.swift in Sources */,
				4978AF292B07FC24005F247E /* GetStoreList.swift in Sources */,
				4978AF122B07FB61005F247E /* SceneDelegate.swift in Sources */,
			);
			runOnlyForDeploymentPostprocessing = 0;
		};
/* End PBXSourcesBuildPhase section */

/* Begin PBXVariantGroup section */
		4978AF152B07FB61005F247E /* Main.storyboard */ = {
			isa = PBXVariantGroup;
			children = (
				4978AF162B07FB61005F247E /* Base */,
			);
			name = Main.storyboard;
			sourceTree = "<group>";
		};
		4978AF1A2B07FB63005F247E /* LaunchScreen.storyboard */ = {
			isa = PBXVariantGroup;
			children = (
				4978AF1B2B07FB63005F247E /* Base */,
			);
			name = LaunchScreen.storyboard;
			sourceTree = "<group>";
		};
/* End PBXVariantGroup section */

/* Begin XCBuildConfiguration section */
		4978AF1E2B07FB63005F247E /* Debug */ = {
			isa = XCBuildConfiguration;
			buildSettings = {
				ALWAYS_SEARCH_USER_PATHS = NO;
				CLANG_ANALYZER_NONNULL = YES;
				CLANG_ANALYZER_NUMBER_OBJECT_CONVERSION = YES_AGGRESSIVE;
				CLANG_CXX_LANGUAGE_STANDARD = "gnu++20";
				CLANG_ENABLE_MODULES = YES;
				CLANG_ENABLE_OBJC_ARC = YES;
				CLANG_ENABLE_OBJC_WEAK = YES;
				CLANG_WARN_BLOCK_CAPTURE_AUTORELEASING = YES;
				CLANG_WARN_BOOL_CONVERSION = YES;
				CLANG_WARN_COMMA = YES;
				CLANG_WARN_CONSTANT_CONVERSION = YES;
				CLANG_WARN_DEPRECATED_OBJC_IMPLEMENTATIONS = YES;
				CLANG_WARN_DIRECT_OBJC_ISA_USAGE = YES_ERROR;
				CLANG_WARN_DOCUMENTATION_COMMENTS = YES;
				CLANG_WARN_EMPTY_BODY = YES;
				CLANG_WARN_ENUM_CONVERSION = YES;
				CLANG_WARN_INFINITE_RECURSION = YES;
				CLANG_WARN_INT_CONVERSION = YES;
				CLANG_WARN_NON_LITERAL_NULL_CONVERSION = YES;
				CLANG_WARN_OBJC_IMPLICIT_RETAIN_SELF = YES;
				CLANG_WARN_OBJC_LITERAL_CONVERSION = YES;
				CLANG_WARN_OBJC_ROOT_CLASS = YES_ERROR;
				CLANG_WARN_QUOTED_INCLUDE_IN_FRAMEWORK_HEADER = YES;
				CLANG_WARN_RANGE_LOOP_ANALYSIS = YES;
				CLANG_WARN_STRICT_PROTOTYPES = YES;
				CLANG_WARN_SUSPICIOUS_MOVE = YES;
				CLANG_WARN_UNGUARDED_AVAILABILITY = YES_AGGRESSIVE;
				CLANG_WARN_UNREACHABLE_CODE = YES;
				CLANG_WARN__DUPLICATE_METHOD_MATCH = YES;
				COPY_PHASE_STRIP = NO;
				DEBUG_INFORMATION_FORMAT = dwarf;
				ENABLE_STRICT_OBJC_MSGSEND = YES;
				ENABLE_TESTABILITY = YES;
				GCC_C_LANGUAGE_STANDARD = gnu11;
				GCC_DYNAMIC_NO_PIC = NO;
				GCC_NO_COMMON_BLOCKS = YES;
				GCC_OPTIMIZATION_LEVEL = 0;
				GCC_PREPROCESSOR_DEFINITIONS = (
					"DEBUG=1",
					"$(inherited)",
				);
				GCC_WARN_64_TO_32_BIT_CONVERSION = YES;
				GCC_WARN_ABOUT_RETURN_TYPE = YES_ERROR;
				GCC_WARN_UNDECLARED_SELECTOR = YES;
				GCC_WARN_UNINITIALIZED_AUTOS = YES_AGGRESSIVE;
				GCC_WARN_UNUSED_FUNCTION = YES;
				GCC_WARN_UNUSED_VARIABLE = YES;
				IPHONEOS_DEPLOYMENT_TARGET = 16.4;
				MTL_ENABLE_DEBUG_INFO = INCLUDE_SOURCE;
				MTL_FAST_MATH = YES;
				ONLY_ACTIVE_ARCH = YES;
				SDKROOT = iphoneos;
				SWIFT_ACTIVE_COMPILATION_CONDITIONS = DEBUG;
				SWIFT_OPTIMIZATION_LEVEL = "-Onone";
			};
			name = Debug;
		};
		4978AF1F2B07FB63005F247E /* Release */ = {
			isa = XCBuildConfiguration;
			buildSettings = {
				ALWAYS_SEARCH_USER_PATHS = NO;
				CLANG_ANALYZER_NONNULL = YES;
				CLANG_ANALYZER_NUMBER_OBJECT_CONVERSION = YES_AGGRESSIVE;
				CLANG_CXX_LANGUAGE_STANDARD = "gnu++20";
				CLANG_ENABLE_MODULES = YES;
				CLANG_ENABLE_OBJC_ARC = YES;
				CLANG_ENABLE_OBJC_WEAK = YES;
				CLANG_WARN_BLOCK_CAPTURE_AUTORELEASING = YES;
				CLANG_WARN_BOOL_CONVERSION = YES;
				CLANG_WARN_COMMA = YES;
				CLANG_WARN_CONSTANT_CONVERSION = YES;
				CLANG_WARN_DEPRECATED_OBJC_IMPLEMENTATIONS = YES;
				CLANG_WARN_DIRECT_OBJC_ISA_USAGE = YES_ERROR;
				CLANG_WARN_DOCUMENTATION_COMMENTS = YES;
				CLANG_WARN_EMPTY_BODY = YES;
				CLANG_WARN_ENUM_CONVERSION = YES;
				CLANG_WARN_INFINITE_RECURSION = YES;
				CLANG_WARN_INT_CONVERSION = YES;
				CLANG_WARN_NON_LITERAL_NULL_CONVERSION = YES;
				CLANG_WARN_OBJC_IMPLICIT_RETAIN_SELF = YES;
				CLANG_WARN_OBJC_LITERAL_CONVERSION = YES;
				CLANG_WARN_OBJC_ROOT_CLASS = YES_ERROR;
				CLANG_WARN_QUOTED_INCLUDE_IN_FRAMEWORK_HEADER = YES;
				CLANG_WARN_RANGE_LOOP_ANALYSIS = YES;
				CLANG_WARN_STRICT_PROTOTYPES = YES;
				CLANG_WARN_SUSPICIOUS_MOVE = YES;
				CLANG_WARN_UNGUARDED_AVAILABILITY = YES_AGGRESSIVE;
				CLANG_WARN_UNREACHABLE_CODE = YES;
				CLANG_WARN__DUPLICATE_METHOD_MATCH = YES;
				COPY_PHASE_STRIP = NO;
				DEBUG_INFORMATION_FORMAT = "dwarf-with-dsym";
				ENABLE_NS_ASSERTIONS = NO;
				ENABLE_STRICT_OBJC_MSGSEND = YES;
				GCC_C_LANGUAGE_STANDARD = gnu11;
				GCC_NO_COMMON_BLOCKS = YES;
				GCC_WARN_64_TO_32_BIT_CONVERSION = YES;
				GCC_WARN_ABOUT_RETURN_TYPE = YES_ERROR;
				GCC_WARN_UNDECLARED_SELECTOR = YES;
				GCC_WARN_UNINITIALIZED_AUTOS = YES_AGGRESSIVE;
				GCC_WARN_UNUSED_FUNCTION = YES;
				GCC_WARN_UNUSED_VARIABLE = YES;
				IPHONEOS_DEPLOYMENT_TARGET = 16.4;
				MTL_ENABLE_DEBUG_INFO = NO;
				MTL_FAST_MATH = YES;
				SDKROOT = iphoneos;
				SWIFT_COMPILATION_MODE = wholemodule;
				SWIFT_OPTIMIZATION_LEVEL = "-O";
				VALIDATE_PRODUCT = YES;
			};
			name = Release;
		};
		4978AF212B07FB63005F247E /* Debug */ = {
			isa = XCBuildConfiguration;
			buildSettings = {
				ASSETCATALOG_COMPILER_APPICON_NAME = AppIcon;
				ASSETCATALOG_COMPILER_GLOBAL_ACCENT_COLOR_NAME = AccentColor;
				CODE_SIGN_STYLE = Automatic;
				CURRENT_PROJECT_VERSION = 1;
				DEVELOPMENT_TEAM = 7854ZCLQD4;
				GENERATE_INFOPLIST_FILE = YES;
				INFOPLIST_FILE = Gourmet_Search_App/Info.plist;
				INFOPLIST_KEY_UIApplicationSupportsIndirectInputEvents = YES;
				INFOPLIST_KEY_UILaunchStoryboardName = LaunchScreen;
				INFOPLIST_KEY_UIMainStoryboardFile = Main;
				INFOPLIST_KEY_UISupportedInterfaceOrientations_iPad = "UIInterfaceOrientationPortrait UIInterfaceOrientationPortraitUpsideDown UIInterfaceOrientationLandscapeLeft UIInterfaceOrientationLandscapeRight";
				INFOPLIST_KEY_UISupportedInterfaceOrientations_iPhone = "UIInterfaceOrientationPortrait UIInterfaceOrientationLandscapeLeft UIInterfaceOrientationLandscapeRight";
				LD_RUNPATH_SEARCH_PATHS = (
					"$(inherited)",
					"@executable_path/Frameworks",
				);
				MARKETING_VERSION = 1.0;
				PRODUCT_BUNDLE_IDENTIFIER = "ne.jp.haru0117.n-softbank.Gourmet-Search-App";
				PRODUCT_NAME = "$(TARGET_NAME)";
				SWIFT_EMIT_LOC_STRINGS = YES;
				SWIFT_VERSION = 5.0;
				TARGETED_DEVICE_FAMILY = "1,2";
			};
			name = Debug;
		};
		4978AF222B07FB63005F247E /* Release */ = {
			isa = XCBuildConfiguration;
			buildSettings = {
				ASSETCATALOG_COMPILER_APPICON_NAME = AppIcon;
				ASSETCATALOG_COMPILER_GLOBAL_ACCENT_COLOR_NAME = AccentColor;
				CODE_SIGN_STYLE = Automatic;
				CURRENT_PROJECT_VERSION = 1;
				DEVELOPMENT_TEAM = 7854ZCLQD4;
				GENERATE_INFOPLIST_FILE = YES;
				INFOPLIST_FILE = Gourmet_Search_App/Info.plist;
				INFOPLIST_KEY_UIApplicationSupportsIndirectInputEvents = YES;
				INFOPLIST_KEY_UILaunchStoryboardName = LaunchScreen;
				INFOPLIST_KEY_UIMainStoryboardFile = Main;
				INFOPLIST_KEY_UISupportedInterfaceOrientations_iPad = "UIInterfaceOrientationPortrait UIInterfaceOrientationPortraitUpsideDown UIInterfaceOrientationLandscapeLeft UIInterfaceOrientationLandscapeRight";
				INFOPLIST_KEY_UISupportedInterfaceOrientations_iPhone = "UIInterfaceOrientationPortrait UIInterfaceOrientationLandscapeLeft UIInterfaceOrientationLandscapeRight";
				LD_RUNPATH_SEARCH_PATHS = (
					"$(inherited)",
					"@executable_path/Frameworks",
				);
				MARKETING_VERSION = 1.0;
				PRODUCT_BUNDLE_IDENTIFIER = "ne.jp.haru0117.n-softbank.Gourmet-Search-App";
				PRODUCT_NAME = "$(TARGET_NAME)";
				SWIFT_EMIT_LOC_STRINGS = YES;
				SWIFT_VERSION = 5.0;
				TARGETED_DEVICE_FAMILY = "1,2";
			};
			name = Release;
		};
/* End XCBuildConfiguration section */

/* Begin XCConfigurationList section */
		4978AF072B07FB61005F247E /* Build configuration list for PBXProject "Gourmet_Search_App" */ = {
			isa = XCConfigurationList;
			buildConfigurations = (
				4978AF1E2B07FB63005F247E /* Debug */,
				4978AF1F2B07FB63005F247E /* Release */,
			);
			defaultConfigurationIsVisible = 0;
			defaultConfigurationName = Release;
		};
		4978AF202B07FB63005F247E /* Build configuration list for PBXNativeTarget "Gourmet_Search_App" */ = {
			isa = XCConfigurationList;
			buildConfigurations = (
				4978AF212B07FB63005F247E /* Debug */,
				4978AF222B07FB63005F247E /* Release */,
			);
			defaultConfigurationIsVisible = 0;
			defaultConfigurationName = Release;
		};
/* End XCConfigurationList section */
	};
	rootObject = 4978AF042B07FB61005F247E /* Project object */;
}
